
Microsoft Visual Studio Solution File, Format Version 12.00
# Visual Studio 15
VisualStudioVersion = 15.0.33026.149
MinimumVisualStudioVersion = 10.0.40219.1
Project("{FAE04EC0-301F-11D3-BF4B-00C04F79EFBC}") = "RemasterForms", "RemasterForms\RemasterForms.csproj", "{53F4821A-1A40-40E5-BCFC-DF62B2EC7983}"
EndProject
Project("{FAE04EC0-301F-11D3-BF4B-00C04F79EFBC}") = "RemasterFormsTest", "RemasterFormsTest\RemasterFormsTest.csproj", "{D9DD7129-6651-47AD-A985-9B86118466E1}"
EndProject
Global
	GlobalSection(SolutionConfigurationPlatforms) = preSolution
		Debug|Any CPU = Debug|Any CPU
		Release|Any CPU = Release|Any CPU
	EndGlobalSection
	GlobalSection(ProjectConfigurationPlatforms) = postSolution
		{53F4821A-1A40-40E5-BCFC-DF62B2EC7983}.Debug|Any CPU.ActiveCfg = Debug|Any CPU
		{53F4821A-1A40-40E5-BCFC-DF62B2EC7983}.Debug|Any CPU.Build.0 = Debug|Any CPU
		{53F4821A-1A40-40E5-BCFC-DF62B2EC7983}.Release|Any CPU.ActiveCfg = Release|Any CPU
		{53F4821A-1A40-40E5-BCFC-DF62B2EC7983}.Release|Any CPU.Build.0 = Release|Any CPU
		{D9DD7129-6651-47AD-A985-9B86118466E1}.Debug|Any CPU.ActiveCfg = Debug|Any CPU
		{D9DD7129-6651-47AD-A985-9B86118466E1}.Debug|Any CPU.Build.0 = Debug|Any CPU
		{D9DD7129-6651-47AD-A985-9B86118466E1}.Release|Any CPU.ActiveCfg = Release|Any CPU
		{D9DD7129-6651-47AD-A985-9B86118466E1}.Release|Any CPU.Build.0 = Release|Any CPU
	EndGlobalSection
	GlobalSection(SolutionProperties) = preSolution
		HideSolutionNode = FALSE
	EndGlobalSection
	GlobalSection(ExtensibilityGlobals) = postSolution
		SolutionGuid = {EF7BA193-5EE1-46BD-B978-444B9A539FBC}
	EndGlobalSection
EndGlobal
